
Microsoft Visual Studio Solution File, Format Version 12.00
# Visual Studio Version 16
VisualStudioVersion = 16.0.33927.289
MinimumVisualStudioVersion = 10.0.40219.1
Project("{2150E333-8FDC-42A3-9474-1A3956D46DE8}") = "Task0", "Task0", "{A283AA58-C4C3-4D55-B9FD-EEA5D6D5ACA5}"
EndProject
Project("{FAE04EC0-301F-11D3-BF4B-00C04F79EFBC}") = "Tyuiu.PyankovaVV.Sprint0.Task0.V0", "Tyuiu.PyankovaVV.Sprint0.Task0.V0\Tyuiu.PyankovaVV.Sprint0.Task0.V0.csproj", "{618127EE-760B-4B60-9FEB-65E877065517}"
EndProject
Project("{2150E333-8FDC-42A3-9474-1A3956D46DE8}") = "Task1", "Task1", "{702A32FA-2875-4C46-835C-F3DF16A327B8}"
EndProject
Project("{FAE04EC0-301F-11D3-BF4B-00C04F79EFBC}") = "Tyuiu.PyankovaVV.Sprint0.Task1.V0", "Tyuiu.PyankovaVV.Sprint0.Task1.V0\Tyuiu.PyankovaVV.Sprint0.Task1.V0.csproj", "{B0587BD9-0772-4B4A-809B-46B3060704D8}"
EndProject
Project("{2150E333-8FDC-42A3-9474-1A3956D46DE8}") = "Task2", "Task2", "{BD17D147-89C6-4D73-AF03-98271D493597}"
EndProject
Project("{FAE04EC0-301F-11D3-BF4B-00C04F79EFBC}") = "Tyuiu.PyankovaVV.Sprint0.Task2.V0", "Tyuiu.PyankovaVV.Sprint0.Task2.V0\Tyuiu.PyankovaVV.Sprint0.Task2.V0.csproj", "{446ECAF0-6927-41A5-BE7D-0D9390FBAF9D}"
EndProject
Project("{FAE04EC0-301F-11D3-BF4B-00C04F79EFBC}") = "Tyuiu.PyankovaVV.Sprint0.Task2.V0.Lib", "Tyuiu.PyankovaVV.Sprint0.Task2.V0.Lib\Tyuiu.PyankovaVV.Sprint0.Task2.V0.Lib.csproj", "{51A03F85-31AC-4363-BAEA-6BE34CD3DE98}"
EndProject
Project("{FAE04EC0-301F-11D3-BF4B-00C04F79EFBC}") = "Tyuiu.PyankovaVV.Sprint0.Task2.V0.Test", "Tyuiu.PyankovaVV.Sprint0.Task2.V0.Test\Tyuiu.PyankovaVV.Sprint0.Task2.V0.Test.csproj", "{965C4345-E96E-4DBC-9B9F-7152E7E49294}"
EndProject
Project("{2150E333-8FDC-42A3-9474-1A3956D46DE8}") = "Task3", "Task3", "{ED1F6DDE-845D-497C-BF6D-CD7C56EC276A}"
EndProject
Project("{FAE04EC0-301F-11D3-BF4B-00C04F79EFBC}") = "Tyuiu.PyankovaVV.Sprint0.Task3.V0", "Tyuiu.PyankovaVV.Sprint0.Task3.V0\Tyuiu.PyankovaVV.Sprint0.Task3.V0.csproj", "{D72C2522-4FB6-4C4E-B815-C7706099ECCF}"
EndProject
Project("{FAE04EC0-301F-11D3-BF4B-00C04F79EFBC}") = "Tyuiu.PyankovaVV.Sprint0.Task3.V0.Lib", "Tyuiu.PyankovaVV.Sprint0.Task3.V0.Lib\Tyuiu.PyankovaVV.Sprint0.Task3.V0.Lib.csproj", "{854483D5-EB9C-4C6F-A270-80F75A334735}"
EndProject
Project("{FAE04EC0-301F-11D3-BF4B-00C04F79EFBC}") = "Tyuiu.PyankovaVV.Sprint0.Task3.V0.Test", "Tyuiu.PyankovaVV.Sprint0.Task3.V0.Test\Tyuiu.PyankovaVV.Sprint0.Task3.V0.Test.csproj", "{85FEBC12-0BF6-48DF-B280-F160E3449518}"
EndProject
Project("{2150E333-8FDC-42A3-9474-1A3956D46DE8}") = "Task4", "Task4", "{E803D642-ED9C-4FD1-90B6-056E79E4C70A}"
EndProject
Project("{FAE04EC0-301F-11D3-BF4B-00C04F79EFBC}") = "Tyuiu.PyankovaVV.Sprint0.Task4.V0", "Tyuiu.PyankovaVV.Sprint0.Task4.V0\Tyuiu.PyankovaVV.Sprint0.Task4.V0.csproj", "{BB7B1D73-1471-4315-A7B8-5E0AAC4F1CDD}"
EndProject
Project("{FAE04EC0-301F-11D3-BF4B-00C04F79EFBC}") = "Tyuiu.PyankovaVV.Sprint0.Task4.V0.Lib", "Tyuiu.PyankovaVV.Sprint0.Task4.V0.Lib\Tyuiu.PyankovaVV.Sprint0.Task4.V0.Lib.csproj", "{73A03FE3-08BF-4B46-B0C2-1390EAC5D3CC}"
EndProject
Project("{FAE04EC0-301F-11D3-BF4B-00C04F79EFBC}") = "Tyuiu.PyankovaVV.Sprint0.Task4.V0.Test", "Tyuiu.PyankovaVV.Sprint0.Task4.V0.Test\Tyuiu.PyankovaVV.Sprint0.Task4.V0.Test.csproj", "{AD661C3D-A6B1-411B-95C7-3793C0A11533}"
EndProject
Project("{2150E333-8FDC-42A3-9474-1A3956D46DE8}") = "Task5", "Task5", "{423A72B8-5D91-41D8-B37B-F489C59B3521}"
EndProject
Project("{FAE04EC0-301F-11D3-BF4B-00C04F79EFBC}") = "Tyuiu.PyankovaVV.Sprint0.Task5.V0", "Tyuiu.PyankovaVV.Sprint0.Task5.V0\Tyuiu.PyankovaVV.Sprint0.Task5.V0.csproj", "{8A689222-832C-4C63-B809-B70132A38170}"
EndProject
Project("{FAE04EC0-301F-11D3-BF4B-00C04F79EFBC}") = "Tyuiu.PyankovaVV.Sprint0.Task5.V0.Lib", "Tyuiu.PyankovaVV.Sprint0.Task5.V0.Lib\Tyuiu.PyankovaVV.Sprint0.Task5.V0.Lib.csproj", "{A604BE02-6F61-4796-BF9D-7F0B83FE9109}"
EndProject
Project("{FAE04EC0-301F-11D3-BF4B-00C04F79EFBC}") = "Tyuiu.PyankovaVV.Sprint0.Task5.V0.Test", "Tyuiu.PyankovaVV.Sprint0.Task5.V0.Test\Tyuiu.PyankovaVV.Sprint0.Task5.V0.Test.csproj", "{B10C99A2-8A11-4A3B-933C-B9EA1E85FB6C}"
EndProject
Project("{2150E333-8FDC-42A3-9474-1A3956D46DE8}") = "Task6", "Task6", "{ACC18861-1F05-489C-895E-C3760BA851B5}"
EndProject
Project("{FAE04EC0-301F-11D3-BF4B-00C04F79EFBC}") = "Tyuiu.PyankovaVV.Sprint0.Task6.V0", "Tyuiu.PyankovaVV.Sprint0.Task6.V0\Tyuiu.PyankovaVV.Sprint0.Task6.V0.csproj", "{A404A0C3-C1BC-4294-BD52-839A36F920FA}"
EndProject
Project("{FAE04EC0-301F-11D3-BF4B-00C04F79EFBC}") = "Tyuiu.PyankovaVV.Sprint0.Task6.V0.Lib", "Tyuiu.PyankovaVV.Sprint0.Task6.V0.Lib\Tyuiu.PyankovaVV.Sprint0.Task6.V0.Lib.csproj", "{696FBFB3-77AE-4DC4-BED9-8F748D7E17CE}"
EndProject
Project("{FAE04EC0-301F-11D3-BF4B-00C04F79EFBC}") = "Tyuiu.PyankovaVV.Sprint0.Task6.V0.Test", "Tyuiu.PyankovaVV.Sprint0.Task6.V0.Test\Tyuiu.PyankovaVV.Sprint0.Task6.V0.Test.csproj", "{4EEE5FF4-7101-499D-AFBB-12041F8091A9}"
EndProject
Project("{2150E333-8FDC-42A3-9474-1A3956D46DE8}") = "Task7", "Task7", "{CD57783A-3968-432B-97C4-3EA8F18A6898}"
EndProject
Project("{FAE04EC0-301F-11D3-BF4B-00C04F79EFBC}") = "Tyuiu.PyankovaVV.Sprint0.Task7.V0", "Tyuiu.PyankovaVV.Sprint0.Task7.V0\Tyuiu.PyankovaVV.Sprint0.Task7.V0.csproj", "{A6DD9D23-5BFB-433F-A847-CD4F2E93F965}"
EndProject
Project("{FAE04EC0-301F-11D3-BF4B-00C04F79EFBC}") = "Tyuiu.PyankovaVV.Sprint0.Task7.V0.Lib", "Tyuiu.PyankovaVV.Sprint0.Task7.V0.Lib\Tyuiu.PyankovaVV.Sprint0.Task7.V0.Lib.csproj", "{14435EE5-9581-4044-9B9B-1E4FB2F3F487}"
EndProject
Project("{FAE04EC0-301F-11D3-BF4B-00C04F79EFBC}") = "Tyuiu.PyankovaVV.Sprint0.Task7.V0.Test", "Tyuiu.PyankovaVV.Sprint0.Tak7.V0.Test\Tyuiu.PyankovaVV.Sprint0.Task7.V0.Test.csproj", "{B4085F3F-BD43-4230-ABEF-9CE95CC4B722}"
EndProject
Global
	GlobalSection(SolutionConfigurationPlatforms) = preSolution
		Debug|Any CPU = Debug|Any CPU
		Release|Any CPU = Release|Any CPU
	EndGlobalSection
	GlobalSection(ProjectConfigurationPlatforms) = postSolution
		{618127EE-760B-4B60-9FEB-65E877065517}.Debug|Any CPU.ActiveCfg = Debug|Any CPU
		{618127EE-760B-4B60-9FEB-65E877065517}.Debug|Any CPU.Build.0 = Debug|Any CPU
		{618127EE-760B-4B60-9FEB-65E877065517}.Release|Any CPU.ActiveCfg = Release|Any CPU
		{618127EE-760B-4B60-9FEB-65E877065517}.Release|Any CPU.Build.0 = Release|Any CPU
		{B0587BD9-0772-4B4A-809B-46B3060704D8}.Debug|Any CPU.ActiveCfg = Debug|Any CPU
		{B0587BD9-0772-4B4A-809B-46B3060704D8}.Debug|Any CPU.Build.0 = Debug|Any CPU
		{B0587BD9-0772-4B4A-809B-46B3060704D8}.Release|Any CPU.ActiveCfg = Release|Any CPU
		{B0587BD9-0772-4B4A-809B-46B3060704D8}.Release|Any CPU.Build.0 = Release|Any CPU
		{446ECAF0-6927-41A5-BE7D-0D9390FBAF9D}.Debug|Any CPU.ActiveCfg = Debug|Any CPU
		{446ECAF0-6927-41A5-BE7D-0D9390FBAF9D}.Debug|Any CPU.Build.0 = Debug|Any CPU
		{446ECAF0-6927-41A5-BE7D-0D9390FBAF9D}.Release|Any CPU.ActiveCfg = Release|Any CPU
		{446ECAF0-6927-41A5-BE7D-0D9390FBAF9D}.Release|Any CPU.Build.0 = Release|Any CPU
		{51A03F85-31AC-4363-BAEA-6BE34CD3DE98}.Debug|Any CPU.ActiveCfg = Debug|Any CPU
		{51A03F85-31AC-4363-BAEA-6BE34CD3DE98}.Debug|Any CPU.Build.0 = Debug|Any CPU
		{51A03F85-31AC-4363-BAEA-6BE34CD3DE98}.Release|Any CPU.ActiveCfg = Release|Any CPU
		{51A03F85-31AC-4363-BAEA-6BE34CD3DE98}.Release|Any CPU.Build.0 = Release|Any CPU
		{965C4345-E96E-4DBC-9B9F-7152E7E49294}.Debug|Any CPU.ActiveCfg = Debug|Any CPU
		{965C4345-E96E-4DBC-9B9F-7152E7E49294}.Debug|Any CPU.Build.0 = Debug|Any CPU
		{965C4345-E96E-4DBC-9B9F-7152E7E49294}.Release|Any CPU.ActiveCfg = Release|Any CPU
		{965C4345-E96E-4DBC-9B9F-7152E7E49294}.Release|Any CPU.Build.0 = Release|Any CPU
		{D72C2522-4FB6-4C4E-B815-C7706099ECCF}.Debug|Any CPU.ActiveCfg = Debug|Any CPU
		{D72C2522-4FB6-4C4E-B815-C7706099ECCF}.Debug|Any CPU.Build.0 = Debug|Any CPU
		{D72C2522-4FB6-4C4E-B815-C7706099ECCF}.Release|Any CPU.ActiveCfg = Release|Any CPU
		{D72C2522-4FB6-4C4E-B815-C7706099ECCF}.Release|Any CPU.Build.0 = Release|Any CPU
		{854483D5-EB9C-4C6F-A270-80F75A334735}.Debug|Any CPU.ActiveCfg = Debug|Any CPU
		{854483D5-EB9C-4C6F-A270-80F75A334735}.Debug|Any CPU.Build.0 = Debug|Any CPU
		{854483D5-EB9C-4C6F-A270-80F75A334735}.Release|Any CPU.ActiveCfg = Release|Any CPU
		{854483D5-EB9C-4C6F-A270-80F75A334735}.Release|Any CPU.Build.0 = Release|Any CPU
		{85FEBC12-0BF6-48DF-B280-F160E3449518}.Debug|Any CPU.ActiveCfg = Debug|Any CPU
		{85FEBC12-0BF6-48DF-B280-F160E3449518}.Debug|Any CPU.Build.0 = Debug|Any CPU
		{85FEBC12-0BF6-48DF-B280-F160E3449518}.Release|Any CPU.ActiveCfg = Release|Any CPU
		{85FEBC12-0BF6-48DF-B280-F160E3449518}.Release|Any CPU.Build.0 = Release|Any CPU
		{BB7B1D73-1471-4315-A7B8-5E0AAC4F1CDD}.Debug|Any CPU.ActiveCfg = Debug|Any CPU
		{BB7B1D73-1471-4315-A7B8-5E0AAC4F1CDD}.Debug|Any CPU.Build.0 = Debug|Any CPU
		{BB7B1D73-1471-4315-A7B8-5E0AAC4F1CDD}.Release|Any CPU.ActiveCfg = Release|Any CPU
		{BB7B1D73-1471-4315-A7B8-5E0AAC4F1CDD}.Release|Any CPU.Build.0 = Release|Any CPU
		{73A03FE3-08BF-4B46-B0C2-1390EAC5D3CC}.Debug|Any CPU.ActiveCfg = Debug|Any CPU
		{73A03FE3-08BF-4B46-B0C2-1390EAC5D3CC}.Debug|Any CPU.Build.0 = Debug|Any CPU
		{73A03FE3-08BF-4B46-B0C2-1390EAC5D3CC}.Release|Any CPU.ActiveCfg = Release|Any CPU
		{73A03FE3-08BF-4B46-B0C2-1390EAC5D3CC}.Release|Any CPU.Build.0 = Release|Any CPU
		{AD661C3D-A6B1-411B-95C7-3793C0A11533}.Debug|Any CPU.ActiveCfg = Debug|Any CPU
		{AD661C3D-A6B1-411B-95C7-3793C0A11533}.Debug|Any CPU.Build.0 = Debug|Any CPU
		{AD661C3D-A6B1-411B-95C7-3793C0A11533}.Release|Any CPU.ActiveCfg = Release|Any CPU
		{AD661C3D-A6B1-411B-95C7-3793C0A11533}.Release|Any CPU.Build.0 = Release|Any CPU
		{8A689222-832C-4C63-B809-B70132A38170}.Debug|Any CPU.ActiveCfg = Debug|Any CPU
		{8A689222-832C-4C63-B809-B70132A38170}.Debug|Any CPU.Build.0 = Debug|Any CPU
		{8A689222-832C-4C63-B809-B70132A38170}.Release|Any CPU.ActiveCfg = Release|Any CPU
		{8A689222-832C-4C63-B809-B70132A38170}.Release|Any CPU.Build.0 = Release|Any CPU
		{A604BE02-6F61-4796-BF9D-7F0B83FE9109}.Debug|Any CPU.ActiveCfg = Debug|Any CPU
		{A604BE02-6F61-4796-BF9D-7F0B83FE9109}.Debug|Any CPU.Build.0 = Debug|Any CPU
		{A604BE02-6F61-4796-BF9D-7F0B83FE9109}.Release|Any CPU.ActiveCfg = Release|Any CPU
		{A604BE02-6F61-4796-BF9D-7F0B83FE9109}.Release|Any CPU.Build.0 = Release|Any CPU
		{B10C99A2-8A11-4A3B-933C-B9EA1E85FB6C}.Debug|Any CPU.ActiveCfg = Debug|Any CPU
		{B10C99A2-8A11-4A3B-933C-B9EA1E85FB6C}.Debug|Any CPU.Build.0 = Debug|Any CPU
		{B10C99A2-8A11-4A3B-933C-B9EA1E85FB6C}.Release|Any CPU.ActiveCfg = Release|Any CPU
		{B10C99A2-8A11-4A3B-933C-B9EA1E85FB6C}.Release|Any CPU.Build.0 = Release|Any CPU
		{A404A0C3-C1BC-4294-BD52-839A36F920FA}.Debug|Any CPU.ActiveCfg = Debug|Any CPU
		{A404A0C3-C1BC-4294-BD52-839A36F920FA}.Debug|Any CPU.Build.0 = Debug|Any CPU
		{A404A0C3-C1BC-4294-BD52-839A36F920FA}.Release|Any CPU.ActiveCfg = Release|Any CPU
		{A404A0C3-C1BC-4294-BD52-839A36F920FA}.Release|Any CPU.Build.0 = Release|Any CPU
		{696FBFB3-77AE-4DC4-BED9-8F748D7E17CE}.Debug|Any CPU.ActiveCfg = Debug|Any CPU
		{696FBFB3-77AE-4DC4-BED9-8F748D7E17CE}.Debug|Any CPU.Build.0 = Debug|Any CPU
		{696FBFB3-77AE-4DC4-BED9-8F748D7E17CE}.Release|Any CPU.ActiveCfg = Release|Any CPU
		{696FBFB3-77AE-4DC4-BED9-8F748D7E17CE}.Release|Any CPU.Build.0 = Release|Any CPU
		{4EEE5FF4-7101-499D-AFBB-12041F8091A9}.Debug|Any CPU.ActiveCfg = Debug|Any CPU
		{4EEE5FF4-7101-499D-AFBB-12041F8091A9}.Debug|Any CPU.Build.0 = Debug|Any CPU
		{4EEE5FF4-7101-499D-AFBB-12041F8091A9}.Release|Any CPU.ActiveCfg = Release|Any CPU
		{4EEE5FF4-7101-499D-AFBB-12041F8091A9}.Release|Any CPU.Build.0 = Release|Any CPU
		{A6DD9D23-5BFB-433F-A847-CD4F2E93F965}.Debug|Any CPU.ActiveCfg = Debug|Any CPU
		{A6DD9D23-5BFB-433F-A847-CD4F2E93F965}.Debug|Any CPU.Build.0 = Debug|Any CPU
		{A6DD9D23-5BFB-433F-A847-CD4F2E93F965}.Release|Any CPU.ActiveCfg = Release|Any CPU
		{A6DD9D23-5BFB-433F-A847-CD4F2E93F965}.Release|Any CPU.Build.0 = Release|Any CPU
		{14435EE5-9581-4044-9B9B-1E4FB2F3F487}.Debug|Any CPU.ActiveCfg = Debug|Any CPU
		{14435EE5-9581-4044-9B9B-1E4FB2F3F487}.Debug|Any CPU.Build.0 = Debug|Any CPU
		{14435EE5-9581-4044-9B9B-1E4FB2F3F487}.Release|Any CPU.ActiveCfg = Release|Any CPU
		{14435EE5-9581-4044-9B9B-1E4FB2F3F487}.Release|Any CPU.Build.0 = Release|Any CPU
		{B4085F3F-BD43-4230-ABEF-9CE95CC4B722}.Debug|Any CPU.ActiveCfg = Debug|Any CPU
		{B4085F3F-BD43-4230-ABEF-9CE95CC4B722}.Debug|Any CPU.Build.0 = Debug|Any CPU
		{B4085F3F-BD43-4230-ABEF-9CE95CC4B722}.Release|Any CPU.ActiveCfg = Release|Any CPU
		{B4085F3F-BD43-4230-ABEF-9CE95CC4B722}.Release|Any CPU.Build.0 = Release|Any CPU
	EndGlobalSection
	GlobalSection(SolutionProperties) = preSolution
		HideSolutionNode = FALSE
	EndGlobalSection
	GlobalSection(NestedProjects) = preSolution
		{618127EE-760B-4B60-9FEB-65E877065517} = {A283AA58-C4C3-4D55-B9FD-EEA5D6D5ACA5}
		{B0587BD9-0772-4B4A-809B-46B3060704D8} = {702A32FA-2875-4C46-835C-F3DF16A327B8}
		{446ECAF0-6927-41A5-BE7D-0D9390FBAF9D} = {BD17D147-89C6-4D73-AF03-98271D493597}
		{51A03F85-31AC-4363-BAEA-6BE34CD3DE98} = {BD17D147-89C6-4D73-AF03-98271D493597}
		{965C4345-E96E-4DBC-9B9F-7152E7E49294} = {BD17D147-89C6-4D73-AF03-98271D493597}
		{D72C2522-4FB6-4C4E-B815-C7706099ECCF} = {ED1F6DDE-845D-497C-BF6D-CD7C56EC276A}
		{854483D5-EB9C-4C6F-A270-80F75A334735} = {ED1F6DDE-845D-497C-BF6D-CD7C56EC276A}
		{85FEBC12-0BF6-48DF-B280-F160E3449518} = {ED1F6DDE-845D-497C-BF6D-CD7C56EC276A}
		{BB7B1D73-1471-4315-A7B8-5E0AAC4F1CDD} = {E803D642-ED9C-4FD1-90B6-056E79E4C70A}
		{73A03FE3-08BF-4B46-B0C2-1390EAC5D3CC} = {E803D642-ED9C-4FD1-90B6-056E79E4C70A}
		{AD661C3D-A6B1-411B-95C7-3793C0A11533} = {E803D642-ED9C-4FD1-90B6-056E79E4C70A}
		{8A689222-832C-4C63-B809-B70132A38170} = {423A72B8-5D91-41D8-B37B-F489C59B3521}
		{A604BE02-6F61-4796-BF9D-7F0B83FE9109} = {423A72B8-5D91-41D8-B37B-F489C59B3521}
		{B10C99A2-8A11-4A3B-933C-B9EA1E85FB6C} = {423A72B8-5D91-41D8-B37B-F489C59B3521}
		{A404A0C3-C1BC-4294-BD52-839A36F920FA} = {ACC18861-1F05-489C-895E-C3760BA851B5}
		{696FBFB3-77AE-4DC4-BED9-8F748D7E17CE} = {ACC18861-1F05-489C-895E-C3760BA851B5}
		{4EEE5FF4-7101-499D-AFBB-12041F8091A9} = {ACC18861-1F05-489C-895E-C3760BA851B5}
		{A6DD9D23-5BFB-433F-A847-CD4F2E93F965} = {CD57783A-3968-432B-97C4-3EA8F18A6898}
		{14435EE5-9581-4044-9B9B-1E4FB2F3F487} = {CD57783A-3968-432B-97C4-3EA8F18A6898}
		{B4085F3F-BD43-4230-ABEF-9CE95CC4B722} = {CD57783A-3968-432B-97C4-3EA8F18A6898}
	EndGlobalSection
	GlobalSection(ExtensibilityGlobals) = postSolution
		SolutionGuid = {70C6E076-5095-4DA4-A676-BFBEC092E419}
	EndGlobalSection
EndGlobal
